
Microsoft Visual Studio Solution File, Format Version 12.00
# Visual Studio Version 17
VisualStudioVersion = 17.2.32602.215
MinimumVisualStudioVersion = 10.0.40219.1
Project("{9A19103F-16F7-4668-BE54-9A1E7A4F7556}") = "SoleCode.Api", "SoleCode.Api\SoleCode.Api.csproj", "{DA3D437B-F23F-4E1D-B105-1E08697B9202}"
EndProject
Project("{FAE04EC0-301F-11D3-BF4B-00C04F79EFBC}") = "SoleCode.Test", "SoleCode.Test\SoleCode.Test.csproj", "{E0364882-89E6-4ACC-9C9F-F72AA877119B}"
EndProject
Global
	GlobalSection(SolutionConfigurationPlatforms) = preSolution
		Debug|Any CPU = Debug|Any CPU
		Release|Any CPU = Release|Any CPU
	EndGlobalSection
	GlobalSection(ProjectConfigurationPlatforms) = postSolution
		{DA3D437B-F23F-4E1D-B105-1E08697B9202}.Debug|Any CPU.ActiveCfg = Debug|Any CPU
		{DA3D437B-F23F-4E1D-B105-1E08697B9202}.Debug|Any CPU.Build.0 = Debug|Any CPU
		{DA3D437B-F23F-4E1D-B105-1E08697B9202}.Release|Any CPU.ActiveCfg = Release|Any CPU
		{DA3D437B-F23F-4E1D-B105-1E08697B9202}.Release|Any CPU.Build.0 = Release|Any CPU
		{E0364882-89E6-4ACC-9C9F-F72AA877119B}.Debug|Any CPU.ActiveCfg = Debug|Any CPU
		{E0364882-89E6-4ACC-9C9F-F72AA877119B}.Debug|Any CPU.Build.0 = Debug|Any CPU
		{E0364882-89E6-4ACC-9C9F-F72AA877119B}.Release|Any CPU.ActiveCfg = Release|Any CPU
		{E0364882-89E6-4ACC-9C9F-F72AA877119B}.Release|Any CPU.Build.0 = Release|Any CPU
	EndGlobalSection
	GlobalSection(SolutionProperties) = preSolution
		HideSolutionNode = FALSE
	EndGlobalSection
	GlobalSection(ExtensibilityGlobals) = postSolution
		SolutionGuid = {8849E07A-4033-4B04-B702-F870849A1532}
	EndGlobalSection
EndGlobal
